
Microsoft Visual Studio Solution File, Format Version 10.00
# Visual Studio 2008
Project("{8BC9CEB8-8B4A-11D0-8D11-00A0C91BC942}") = "facedetection", "facedetection\facedetection.vcproj", "{53E425BC-B305-4291-838A-3F3290C56B05}"
EndProject
Global
	GlobalSection(SolutionConfigurationPlatforms) = preSolution
		Debug|Win32 = Debug|Win32
		Release|Win32 = Release|Win32
	EndGlobalSection
	GlobalSection(ProjectConfigurationPlatforms) = postSolution
		{53E425BC-B305-4291-838A-3F3290C56B05}.Debug|Win32.ActiveCfg = Debug|Win32
		{53E425BC-B305-4291-838A-3F3290C56B05}.Debug|Win32.Build.0 = Debug|Win32
		{53E425BC-B305-4291-838A-3F3290C56B05}.Release|Win32.ActiveCfg = Release|Win32
		{53E425BC-B305-4291-838A-3F3290C56B05}.Release|Win32.Build.0 = Release|Win32
	EndGlobalSection
	GlobalSection(SolutionProperties) = preSolution
		HideSolutionNode = FALSE
	EndGlobalSection
EndGlobal
